# This file is autogenerated, do not edit; changes may be undone by the next 'dep ensure'.


[[projects]]
  branch = "master"
  name = "github.com/ivpusic/grpool"
  packages = ["."]
  revision = "28957a27c9441f178d644aa598bac0aad4dd7bba"

[solve-meta]
  analyzer-name = "dep"
  analyzer-version = 1
  inputs-digest = "710524a6a53be8101cbb590d7d39e86b5ae6fa9f08d30204c920cf4e26839d43"
  solver-name = "gps-cdcl"
  solver-version = 1
